
Microsoft Visual Studio Solution File, Format Version 12.00
Project("{FAE04EC0-301F-11D3-BF4B-00C04F79EFBC}") = "AspireSampleWeb", "AspireSampleWeb\AspireSampleWeb.csproj", "{8B78A159-E3F1-4831-BE51-70E842BA76D6}"
EndProject
Project("{2150E333-8FDC-42A3-9474-1A3956D46DE8}") = "Prepared", "Prepared", "{BA782CA5-8D43-49A4-9D7C-1F3F22D39748}"
EndProject
Project("{FAE04EC0-301F-11D3-BF4B-00C04F79EFBC}") = "_01_Empty", "Prepared\01\Empty\_01_Empty.csproj", "{2645D70E-B361-414A-A37D-BE6F17843088}"
EndProject
Project("{FAE04EC0-301F-11D3-BF4B-00C04F79EFBC}") = "_02_Simple", "Prepared\02\Simple\_02_Simple.csproj", "{7D5F478C-CEB4-4AAC-ADED-E141A41DE6C4}"
EndProject
Project("{FAE04EC0-301F-11D3-BF4B-00C04F79EFBC}") = "_03_Postgres", "Prepared\03\Postgres\_03_Postgres.csproj", "{6D1D09AC-4E0E-435C-AE14-A168841A35E3}"
EndProject
Project("{FAE04EC0-301F-11D3-BF4B-00C04F79EFBC}") = "_04_Container", "Prepared\04\Postgres\_04_Container.csproj", "{2E93F471-5ECA-4498-BE83-93315F211C0A}"
EndProject
Project("{2150E333-8FDC-42A3-9474-1A3956D46DE8}") = "Tests", "Tests", "{521E3043-F879-4614-B187-E9FB5BF49E81}"
EndProject
Project("{FAE04EC0-301F-11D3-BF4B-00C04F79EFBC}") = "SampleTests", "SampleTests\SampleTests.csproj", "{EAD49354-31ED-477A-BF51-795373FC3707}"
EndProject
Global
	GlobalSection(SolutionConfigurationPlatforms) = preSolution
		Debug|Any CPU = Debug|Any CPU
		Release|Any CPU = Release|Any CPU
	EndGlobalSection
	GlobalSection(ProjectConfigurationPlatforms) = postSolution
		{8B78A159-E3F1-4831-BE51-70E842BA76D6}.Debug|Any CPU.ActiveCfg = Debug|Any CPU
		{8B78A159-E3F1-4831-BE51-70E842BA76D6}.Debug|Any CPU.Build.0 = Debug|Any CPU
		{8B78A159-E3F1-4831-BE51-70E842BA76D6}.Release|Any CPU.ActiveCfg = Release|Any CPU
		{8B78A159-E3F1-4831-BE51-70E842BA76D6}.Release|Any CPU.Build.0 = Release|Any CPU
		{2645D70E-B361-414A-A37D-BE6F17843088}.Debug|Any CPU.ActiveCfg = Debug|Any CPU
		{2645D70E-B361-414A-A37D-BE6F17843088}.Debug|Any CPU.Build.0 = Debug|Any CPU
		{2645D70E-B361-414A-A37D-BE6F17843088}.Release|Any CPU.ActiveCfg = Release|Any CPU
		{2645D70E-B361-414A-A37D-BE6F17843088}.Release|Any CPU.Build.0 = Release|Any CPU
		{7D5F478C-CEB4-4AAC-ADED-E141A41DE6C4}.Debug|Any CPU.ActiveCfg = Debug|Any CPU
		{7D5F478C-CEB4-4AAC-ADED-E141A41DE6C4}.Debug|Any CPU.Build.0 = Debug|Any CPU
		{7D5F478C-CEB4-4AAC-ADED-E141A41DE6C4}.Release|Any CPU.ActiveCfg = Release|Any CPU
		{7D5F478C-CEB4-4AAC-ADED-E141A41DE6C4}.Release|Any CPU.Build.0 = Release|Any CPU
		{6D1D09AC-4E0E-435C-AE14-A168841A35E3}.Debug|Any CPU.ActiveCfg = Debug|Any CPU
		{6D1D09AC-4E0E-435C-AE14-A168841A35E3}.Debug|Any CPU.Build.0 = Debug|Any CPU
		{6D1D09AC-4E0E-435C-AE14-A168841A35E3}.Release|Any CPU.ActiveCfg = Release|Any CPU
		{6D1D09AC-4E0E-435C-AE14-A168841A35E3}.Release|Any CPU.Build.0 = Release|Any CPU
		{2E93F471-5ECA-4498-BE83-93315F211C0A}.Debug|Any CPU.ActiveCfg = Debug|Any CPU
		{2E93F471-5ECA-4498-BE83-93315F211C0A}.Debug|Any CPU.Build.0 = Debug|Any CPU
		{2E93F471-5ECA-4498-BE83-93315F211C0A}.Release|Any CPU.ActiveCfg = Release|Any CPU
		{2E93F471-5ECA-4498-BE83-93315F211C0A}.Release|Any CPU.Build.0 = Release|Any CPU
		{EAD49354-31ED-477A-BF51-795373FC3707}.Debug|Any CPU.ActiveCfg = Debug|Any CPU
		{EAD49354-31ED-477A-BF51-795373FC3707}.Debug|Any CPU.Build.0 = Debug|Any CPU
		{EAD49354-31ED-477A-BF51-795373FC3707}.Release|Any CPU.ActiveCfg = Release|Any CPU
		{EAD49354-31ED-477A-BF51-795373FC3707}.Release|Any CPU.Build.0 = Release|Any CPU
	EndGlobalSection
	GlobalSection(NestedProjects) = preSolution
		{2645D70E-B361-414A-A37D-BE6F17843088} = {BA782CA5-8D43-49A4-9D7C-1F3F22D39748}
		{7D5F478C-CEB4-4AAC-ADED-E141A41DE6C4} = {BA782CA5-8D43-49A4-9D7C-1F3F22D39748}
		{6D1D09AC-4E0E-435C-AE14-A168841A35E3} = {BA782CA5-8D43-49A4-9D7C-1F3F22D39748}
		{2E93F471-5ECA-4498-BE83-93315F211C0A} = {BA782CA5-8D43-49A4-9D7C-1F3F22D39748}
		{EAD49354-31ED-477A-BF51-795373FC3707} = {521E3043-F879-4614-B187-E9FB5BF49E81}
	EndGlobalSection
EndGlobal
